// !$*UTF8*$!
{
	archiveVersion = 1;
	classes = {
	};
	objectVersion = 55;
	objects = {

/* Begin PBXBuildFile section */
		E5400B84289438D000156AA2 /* Furniture_appApp.swift in Sources */ = {isa = PBXBuildFile; fileRef = E5400B83289438D000156AA2 /* Furniture_appApp.swift */; };
		E5400B86289438D000156AA2 /* ContentView.swift in Sources */ = {isa = PBXBuildFile; fileRef = E5400B85289438D000156AA2 /* ContentView.swift */; };
		E5400B88289438D100156AA2 /* Assets.xcassets in Resources */ = {isa = PBXBuildFile; fileRef = E5400B87289438D100156AA2 /* Assets.xcassets */; };
		E5400B8B289438D100156AA2 /* Preview Assets.xcassets in Resources */ = {isa = PBXBuildFile; fileRef = E5400B8A289438D100156AA2 /* Preview Assets.xcassets */; };
		E5400B95289438D100156AA2 /* Furniture_appTests.swift in Sources */ = {isa = PBXBuildFile; fileRef = E5400B94289438D100156AA2 /* Furniture_appTests.swift */; };
		E5400B9F289438D100156AA2 /* Furniture_appUITests.swift in Sources */ = {isa = PBXBuildFile; fileRef = E5400B9E289438D100156AA2 /* Furniture_appUITests.swift */; };
		E5400BA1289438D100156AA2 /* Furniture_appUITestsLaunchTests.swift in Sources */ = {isa = PBXBuildFile; fileRef = E5400BA0289438D100156AA2 /* Furniture_appUITestsLaunchTests.swift */; };
/* End PBXBuildFile section */

/* Begin PBXContainerItemProxy section */
		E5400B91289438D100156AA2 /* PBXContainerItemProxy */ = {
			isa = PBXContainerItemProxy;
			containerPortal = E5400B78289438D000156AA2 /* Project object */;
			proxyType = 1;
			remoteGlobalIDString = E5400B7F289438D000156AA2;
			remoteInfo = Furniture_app;
		};
		E5400B9B289438D100156AA2 /* PBXContainerItemProxy */ = {
			isa = PBXContainerItemProxy;
			containerPortal = E5400B78289438D000156AA2 /* Project object */;
			proxyType = 1;
			remoteGlobalIDString = E5400B7F289438D000156AA2;
			remoteInfo = Furniture_app;
		};
/* End PBXContainerItemProxy section */

/* Begin PBXFileReference section */
		E5400B80289438D000156AA2 /* Furniture_app.app */ = {isa = PBXFileReference; explicitFileType = wrapper.application; includeInIndex = 0; path = Furniture_app.app; sourceTree = BUILT_PRODUCTS_DIR; };
		E5400B83289438D000156AA2 /* Furniture_appApp.swift */ = {isa = PBXFileReference; lastKnownFileType = sourcecode.swift; path = Furniture_appApp.swift; sourceTree = "<group>"; };
		E5400B85289438D000156AA2 /* ContentView.swift */ = {isa = PBXFileReference; lastKnownFileType = sourcecode.swift; path = ContentView.swift; sourceTree = "<group>"; };
		E5400B87289438D100156AA2 /* Assets.xcassets */ = {isa = PBXFileReference; lastKnownFileType = folder.assetcatalog; path = Assets.xcassets; sourceTree = "<group>"; };
		E5400B8A289438D100156AA2 /* Preview Assets.xcassets */ = {isa = PBXFileReference; lastKnownFileType = folder.assetcatalog; path = "Preview Assets.xcassets"; sourceTree = "<group>"; };
		E5400B90289438D100156AA2 /* Furniture_appTests.xctest */ = {isa = PBXFileReference; explicitFileType = wrapper.cfbundle; includeInIndex = 0; path = Furniture_appTests.xctest; sourceTree = BUILT_PRODUCTS_DIR; };
		E5400B94289438D100156AA2 /* Furniture_appTests.swift */ = {isa = PBXFileReference; lastKnownFileType = sourcecode.swift; path = Furniture_appTests.swift; sourceTree = "<group>"; };
		E5400B9A289438D100156AA2 /* Furniture_appUITests.xctest */ = {isa = PBXFileReference; explicitFileType = wrapper.cfbundle; includeInIndex = 0; path = Furniture_appUITests.xctest; sourceTree = BUILT_PRODUCTS_DIR; };
		E5400B9E289438D100156AA2 /* Furniture_appUITests.swift */ = {isa = PBXFileReference; lastKnownFileType = sourcecode.swift; path = Furniture_appUITests.swift; sourceTree = "<group>"; };
		E5400BA0289438D100156AA2 /* Furniture_appUITestsLaunchTests.swift */ = {isa = PBXFileReference; lastKnownFileType = sourcecode.swift; path = Furniture_appUITestsLaunchTests.swift; sourceTree = "<group>"; };
/* End PBXFileReference section */

/* Begin PBXFrameworksBuildPhase section */
		E5400B7D289438D000156AA2 /* Frameworks */ = {
			isa = PBXFrameworksBuildPhase;
			buildActionMask = 2147483647;
			files = (
			);
			runOnlyForDeploymentPostprocessing = 0;
		};
		E5400B8D289438D100156AA2 /* Frameworks */ = {
			isa = PBXFrameworksBuildPhase;
			buildActionMask = 2147483647;
			files = (
			);
			runOnlyForDeploymentPostprocessing = 0;
		};
		E5400B97289438D100156AA2 /* Frameworks */ = {
			isa = PBXFrameworksBuildPhase;
			buildActionMask = 2147483647;
			files = (
			);
			runOnlyForDeploymentPostprocessing = 0;
		};
/* End PBXFrameworksBuildPhase section */

/* Begin PBXGroup section */
		E5400B77289438D000156AA2 = {
			isa = PBXGroup;
			children = (
				E5400B82289438D000156AA2 /* Furniture_app */,
				E5400B93289438D100156AA2 /* Furniture_appTests */,
				E5400B9D289438D100156AA2 /* Furniture_appUITests */,
				E5400B81289438D000156AA2 /* Products */,
			);
			sourceTree = "<group>";
		};
		E5400B81289438D000156AA2 /* Products */ = {
			isa = PBXGroup;
			children = (
				E5400B80289438D000156AA2 /* Furniture_app.app */,
				E5400B90289438D100156AA2 /* Furniture_appTests.xctest */,
				E5400B9A289438D100156AA2 /* Furniture_appUITests.xctest */,
			);
			name = Products;
			sourceTree = "<group>";
		};
		E5400B82289438D000156AA2 /* Furniture_app */ = {
			isa = PBXGroup;
			children = (
				E5400B83289438D000156AA2 /* Furniture_appApp.swift */,
				E5400B85289438D000156AA2 /* ContentView.swift */,
				E5400B87289438D100156AA2 /* Assets.xcassets */,
				E5400B89289438D100156AA2 /* Preview Content */,
			);
			path = Furniture_app;
			sourceTree = "<group>";
		};
		E5400B89289438D100156AA2 /* Preview Content */ = {
			isa = PBXGroup;
			children = (
				E5400B8A289438D100156AA2 /* Preview Assets.xcassets */,
			);
			path = "Preview Content";
			sourceTree = "<group>";
		};
		E5400B93289438D100156AA2 /* Furniture_appTests */ = {
			isa = PBXGroup;
			children = (
				E5400B94289438D100156AA2 /* Furniture_appTests.swift */,
			);
			path = Furniture_appTests;
			sourceTree = "<group>";
		};
		E5400B9D289438D100156AA2 /* Furniture_appUITests */ = {
			isa = PBXGroup;
			children = (
				E5400B9E289438D100156AA2 /* Furniture_appUITests.swift */,
				E5400BA0289438D100156AA2 /* Furniture_appUITestsLaunchTests.swift */,
			);
			path = Furniture_appUITests;
			sourceTree = "<group>";
		};
/* End PBXGroup section */

/* Begin PBXNativeTarget section */
		E5400B7F289438D000156AA2 /* Furniture_app */ = {
			isa = PBXNativeTarget;
			buildConfigurationList = E5400BA4289438D100156AA2 /* Build configuration list for PBXNativeTarget "Furniture_app" */;
			buildPhases = (
				E5400B7C289438D000156AA2 /* Sources */,
				E5400B7D289438D000156AA2 /* Frameworks */,
				E5400B7E289438D000156AA2 /* Resources */,
			);
			buildRules = (
			);
			dependencies = (
			);
			name = Furniture_app;
			productName = Furniture_app;
			productReference = E5400B80289438D000156AA2 /* Furniture_app.app */;
			productType = "com.apple.product-type.application";
		};
		E5400B8F289438D100156AA2 /* Furniture_appTests */ = {
			isa = PBXNativeTarget;
			buildConfigurationList = E5400BA7289438D100156AA2 /* Build configuration list for PBXNativeTarget "Furniture_appTests" */;
			buildPhases = (
				E5400B8C289438D100156AA2 /* Sources */,
				E5400B8D289438D100156AA2 /* Frameworks */,
				E5400B8E289438D100156AA2 /* Resources */,
			);
			buildRules = (
			);
			dependencies = (
				E5400B92289438D100156AA2 /* PBXTargetDependency */,
			);
			name = Furniture_appTests;
			productName = Furniture_appTests;
			productReference = E5400B90289438D100156AA2 /* Furniture_appTests.xctest */;
			productType = "com.apple.product-type.bundle.unit-test";
		};
		E5400B99289438D100156AA2 /* Furniture_appUITests */ = {
			isa = PBXNativeTarget;
			buildConfigurationList = E5400BAA289438D100156AA2 /* Build configuration list for PBXNativeTarget "Furniture_appUITests" */;
			buildPhases = (
				E5400B96289438D100156AA2 /* Sources */,
				E5400B97289438D100156AA2 /* Frameworks */,
				E5400B98289438D100156AA2 /* Resources */,
			);
			buildRules = (
			);
			dependencies = (
				E5400B9C289438D100156AA2 /* PBXTargetDependency */,
			);
			name = Furniture_appUITests;
			productName = Furniture_appUITests;
			productReference = E5400B9A289438D100156AA2 /* Furniture_appUITests.xctest */;
			productType = "com.apple.product-type.bundle.ui-testing";
		};
/* End PBXNativeTarget section */

/* Begin PBXProject section */
		E5400B78289438D000156AA2 /* Project object */ = {
			isa = PBXProject;
			attributes = {
				BuildIndependentTargetsInParallel = 1;
				LastSwiftUpdateCheck = 1330;
				LastUpgradeCheck = 1330;
				TargetAttributes = {
					E5400B7F289438D000156AA2 = {
						CreatedOnToolsVersion = 13.3.1;
					};
					E5400B8F289438D100156AA2 = {
						CreatedOnToolsVersion = 13.3.1;
						TestTargetID = E5400B7F289438D000156AA2;
					};
					E5400B99289438D100156AA2 = {
						CreatedOnToolsVersion = 13.3.1;
						TestTargetID = E5400B7F289438D000156AA2;
					};
				};
			};
			buildConfigurationList = E5400B7B289438D000156AA2 /* Build configuration list for PBXProject "Furniture_app" */;
			compatibilityVersion = "Xcode 13.0";
			developmentRegion = en;
			hasScannedForEncodings = 0;
			knownRegions = (
				en,
				Base,
			);
			mainGroup = E5400B77289438D000156AA2;
			productRefGroup = E5400B81289438D000156AA2 /* Products */;
			projectDirPath = "";
			projectRoot = "";
			targets = (
				E5400B7F289438D000156AA2 /* Furniture_app */,
				E5400B8F289438D100156AA2 /* Furniture_appTests */,
				E5400B99289438D100156AA2 /* Furniture_appUITests */,
			);
		};
/* End PBXProject section */

/* Begin PBXResourcesBuildPhase section */
		E5400B7E289438D000156AA2 /* Resources */ = {
			isa = PBXResourcesBuildPhase;
			buildActionMask = 2147483647;
			files = (
				E5400B8B289438D100156AA2 /* Preview Assets.xcassets in Resources */,
				E5400B88289438D100156AA2 /* Assets.xcassets in Resources */,
			);
			runOnlyForDeploymentPostprocessing = 0;
		};
		E5400B8E289438D100156AA2 /* Resources */ = {
			isa = PBXResourcesBuildPhase;
			buildActionMask = 2147483647;
			files = (
			);
			runOnlyForDeploymentPostprocessing = 0;
		};
		E5400B98289438D100156AA2 /* Resources */ = {
			isa = PBXResourcesBuildPhase;
			buildActionMask = 2147483647;
			files = (
			);
			runOnlyForDeploymentPostprocessing = 0;
		};
/* End PBXResourcesBuildPhase section */

/* Begin PBXSourcesBuildPhase section */
		E5400B7C289438D000156AA2 /* Sources */ = {
			isa = PBXSourcesBuildPhase;
			buildActionMask = 2147483647;
			files = (
				E5400B86289438D000156AA2 /* ContentView.swift in Sources */,
				E5400B84289438D000156AA2 /* Furniture_appApp.swift in Sources */,
			);
			runOnlyForDeploymentPostprocessing = 0;
		};
		E5400B8C289438D100156AA2 /* Sources */ = {
			isa = PBXSourcesBuildPhase;
			buildActionMask = 2147483647;
			files = (
				E5400B95289438D100156AA2 /* Furniture_appTests.swift in Sources */,
			);
			runOnlyForDeploymentPostprocessing = 0;
		};
		E5400B96289438D100156AA2 /* Sources */ = {
			isa = PBXSourcesBuildPhase;
			buildActionMask = 2147483647;
			files = (
				E5400B9F289438D100156AA2 /* Furniture_appUITests.swift in Sources */,
				E5400BA1289438D100156AA2 /* Furniture_appUITestsLaunchTests.swift in Sources */,
			);
			runOnlyForDeploymentPostprocessing = 0;
		};
/* End PBXSourcesBuildPhase section */

/* Begin PBXTargetDependency section */
		E5400B92289438D100156AA2 /* PBXTargetDependency */ = {
			isa = PBXTargetDependency;
			target = E5400B7F289438D000156AA2 /* Furniture_app */;
			targetProxy = E5400B91289438D100156AA2 /* PBXContainerItemProxy */;
		};
		E5400B9C289438D100156AA2 /* PBXTargetDependency */ = {
			isa = PBXTargetDependency;
			target = E5400B7F289438D000156AA2 /* Furniture_app */;
			targetProxy = E5400B9B289438D100156AA2 /* PBXContainerItemProxy */;
		};
/* End PBXTargetDependency section */

/* Begin XCBuildConfiguration section */
		E5400BA2289438D100156AA2 /* Debug */ = {
			isa = XCBuildConfiguration;
			buildSettings = {
				ALWAYS_SEARCH_USER_PATHS = NO;
				CLANG_ANALYZER_NONNULL = YES;
				CLANG_ANALYZER_NUMBER_OBJECT_CONVERSION = YES_AGGRESSIVE;
				CLANG_CXX_LANGUAGE_STANDARD = "gnu++17";
				CLANG_ENABLE_MODULES = YES;
				CLANG_ENABLE_OBJC_ARC = YES;
				CLANG_ENABLE_OBJC_WEAK = YES;
				CLANG_WARN_BLOCK_CAPTURE_AUTORELEASING = YES;
				CLANG_WARN_BOOL_CONVERSION = YES;
				CLANG_WARN_COMMA = YES;
				CLANG_WARN_CONSTANT_CONVERSION = YES;
				CLANG_WARN_DEPRECATED_OBJC_IMPLEMENTATIONS = YES;
				CLANG_WARN_DIRECT_OBJC_ISA_USAGE = YES_ERROR;
				CLANG_WARN_DOCUMENTATION_COMMENTS = YES;
				CLANG_WARN_EMPTY_BODY = YES;
				CLANG_WARN_ENUM_CONVERSION = YES;
				CLANG_WARN_INFINITE_RECURSION = YES;
				CLANG_WARN_INT_CONVERSION = YES;
				CLANG_WARN_NON_LITERAL_NULL_CONVERSION = YES;
				CLANG_WARN_OBJC_IMPLICIT_RETAIN_SELF = YES;
				CLANG_WARN_OBJC_LITERAL_CONVERSION = YES;
				CLANG_WARN_OBJC_ROOT_CLASS = YES_ERROR;
				CLANG_WARN_QUOTED_INCLUDE_IN_FRAMEWORK_HEADER = YES;
				CLANG_WARN_RANGE_LOOP_ANALYSIS = YES;
				CLANG_WARN_STRICT_PROTOTYPES = YES;
				CLANG_WARN_SUSPICIOUS_MOVE = YES;
				CLANG_WARN_UNGUARDED_AVAILABILITY = YES_AGGRESSIVE;
				CLANG_WARN_UNREACHABLE_CODE = YES;
				CLANG_WARN__DUPLICATE_METHOD_MATCH = YES;
				COPY_PHASE_STRIP = NO;
				DEBUG_INFORMATION_FORMAT = dwarf;
				ENABLE_STRICT_OBJC_MSGSEND = YES;
				ENABLE_TESTABILITY = YES;
				GCC_C_LANGUAGE_STANDARD = gnu11;
				GCC_DYNAMIC_NO_PIC = NO;
				GCC_NO_COMMON_BLOCKS = YES;
				GCC_OPTIMIZATION_LEVEL = 0;
				GCC_PREPROCESSOR_DEFINITIONS = (
					"DEBUG=1",
					"$(inherited)",
				);
				GCC_WARN_64_TO_32_BIT_CONVERSION = YES;
				GCC_WARN_ABOUT_RETURN_TYPE = YES_ERROR;
				GCC_WARN_UNDECLARED_SELECTOR = YES;
				GCC_WARN_UNINITIALIZED_AUTOS = YES_AGGRESSIVE;
				GCC_WARN_UNUSED_FUNCTION = YES;
				GCC_WARN_UNUSED_VARIABLE = YES;
				IPHONEOS_DEPLOYMENT_TARGET = 15.4;
				MTL_ENABLE_DEBUG_INFO = INCLUDE_SOURCE;
				MTL_FAST_MATH = YES;
				ONLY_ACTIVE_ARCH = YES;
				SDKROOT = iphoneos;
				SWIFT_ACTIVE_COMPILATION_CONDITIONS = DEBUG;
				SWIFT_OPTIMIZATION_LEVEL = "-Onone";
			};
			name = Debug;
		};
		E5400BA3289438D100156AA2 /* Release */ = {
			isa = XCBuildConfiguration;
			buildSettings = {
				ALWAYS_SEARCH_USER_PATHS = NO;
				CLANG_ANALYZER_NONNULL = YES;
				CLANG_ANALYZER_NUMBER_OBJECT_CONVERSION = YES_AGGRESSIVE;
				CLANG_CXX_LANGUAGE_STANDARD = "gnu++17";
				CLANG_ENABLE_MODULES = YES;
				CLANG_ENABLE_OBJC_ARC = YES;
				CLANG_ENABLE_OBJC_WEAK = YES;
				CLANG_WARN_BLOCK_CAPTURE_AUTORELEASING = YES;
				CLANG_WARN_BOOL_CONVERSION = YES;
				CLANG_WARN_COMMA = YES;
				CLANG_WARN_CONSTANT_CONVERSION = YES;
				CLANG_WARN_DEPRECATED_OBJC_IMPLEMENTATIONS = YES;
				CLANG_WARN_DIRECT_OBJC_ISA_USAGE = YES_ERROR;
				CLANG_WARN_DOCUMENTATION_COMMENTS = YES;
				CLANG_WARN_EMPTY_BODY = YES;
				CLANG_WARN_ENUM_CONVERSION = YES;
				CLANG_WARN_INFINITE_RECURSION = YES;
				CLANG_WARN_INT_CONVERSION = YES;
				CLANG_WARN_NON_LITERAL_NULL_CONVERSION = YES;
				CLANG_WARN_OBJC_IMPLICIT_RETAIN_SELF = YES;
				CLANG_WARN_OBJC_LITERAL_CONVERSION = YES;
				CLANG_WARN_OBJC_ROOT_CLASS = YES_ERROR;
				CLANG_WARN_QUOTED_INCLUDE_IN_FRAMEWORK_HEADER = YES;
				CLANG_WARN_RANGE_LOOP_ANALYSIS = YES;
				CLANG_WARN_STRICT_PROTOTYPES = YES;
				CLANG_WARN_SUSPICIOUS_MOVE = YES;
				CLANG_WARN_UNGUARDED_AVAILABILITY = YES_AGGRESSIVE;
				CLANG_WARN_UNREACHABLE_CODE = YES;
				CLANG_WARN__DUPLICATE_METHOD_MATCH = YES;
				COPY_PHASE_STRIP = NO;
				DEBUG_INFORMATION_FORMAT = "dwarf-with-dsym";
				ENABLE_NS_ASSERTIONS = NO;
				ENABLE_STRICT_OBJC_MSGSEND = YES;
				GCC_C_LANGUAGE_STANDARD = gnu11;
				GCC_NO_COMMON_BLOCKS = YES;
				GCC_WARN_64_TO_32_BIT_CONVERSION = YES;
				GCC_WARN_ABOUT_RETURN_TYPE = YES_ERROR;
				GCC_WARN_UNDECLARED_SELECTOR = YES;
				GCC_WARN_UNINITIALIZED_AUTOS = YES_AGGRESSIVE;
				GCC_WARN_UNUSED_FUNCTION = YES;
				GCC_WARN_UNUSED_VARIABLE = YES;
				IPHONEOS_DEPLOYMENT_TARGET = 15.4;
				MTL_ENABLE_DEBUG_INFO = NO;
				MTL_FAST_MATH = YES;
				SDKROOT = iphoneos;
				SWIFT_COMPILATION_MODE = wholemodule;
				SWIFT_OPTIMIZATION_LEVEL = "-O";
				VALIDATE_PRODUCT = YES;
			};
			name = Release;
		};
		E5400BA5289438D100156AA2 /* Debug */ = {
			isa = XCBuildConfiguration;
			buildSettings = {
				ASSETCATALOG_COMPILER_APPICON_NAME = AppIcon;
				ASSETCATALOG_COMPILER_GLOBAL_ACCENT_COLOR_NAME = AccentColor;
				CODE_SIGN_STYLE = Automatic;
				CURRENT_PROJECT_VERSION = 1;
				DEVELOPMENT_ASSET_PATHS = "\"Furniture_app/Preview Content\"";
				DEVELOPMENT_TEAM = 6J9XRFD286;
				ENABLE_PREVIEWS = YES;
				GENERATE_INFOPLIST_FILE = YES;
				INFOPLIST_KEY_UIApplicationSceneManifest_Generation = YES;
				INFOPLIST_KEY_UIApplicationSupportsIndirectInputEvents = YES;
				INFOPLIST_KEY_UILaunchScreen_Generation = YES;
				INFOPLIST_KEY_UISupportedInterfaceOrientations_iPad = "UIInterfaceOrientationPortrait UIInterfaceOrientationPortraitUpsideDown UIInterfaceOrientationLandscapeLeft UIInterfaceOrientationLandscapeRight";
				INFOPLIST_KEY_UISupportedInterfaceOrientations_iPhone = "UIInterfaceOrientationPortrait UIInterfaceOrientationLandscapeLeft UIInterfaceOrientationLandscapeRight";
				LD_RUNPATH_SEARCH_PATHS = (
					"$(inherited)",
					"@executable_path/Frameworks",
				);
				MARKETING_VERSION = 1.0;
				PRODUCT_BUNDLE_IDENTIFIER = "Zafarjon.Furniture-app";
				PRODUCT_NAME = "$(TARGET_NAME)";
				SWIFT_EMIT_LOC_STRINGS = YES;
				SWIFT_VERSION = 5.0;
				TARGETED_DEVICE_FAMILY = "1,2";
			};
			name = Debug;
		};
		E5400BA6289438D100156AA2 /* Release */ = {
			isa = XCBuildConfiguration;
			buildSettings = {
				ASSETCATALOG_COMPILER_APPICON_NAME = AppIcon;
				ASSETCATALOG_COMPILER_GLOBAL_ACCENT_COLOR_NAME = AccentColor;
				CODE_SIGN_STYLE = Automatic;
				CURRENT_PROJECT_VERSION = 1;
				DEVELOPMENT_ASSET_PATHS = "\"Furniture_app/Preview Content\"";
				DEVELOPMENT_TEAM = 6J9XRFD286;
				ENABLE_PREVIEWS = YES;
				GENERATE_INFOPLIST_FILE = YES;
				INFOPLIST_KEY_UIApplicationSceneManifest_Generation = YES;
				INFOPLIST_KEY_UIApplicationSupportsIndirectInputEvents = YES;
				INFOPLIST_KEY_UILaunchScreen_Generation = YES;
				INFOPLIST_KEY_UISupportedInterfaceOrientations_iPad = "UIInterfaceOrientationPortrait UIInterfaceOrientationPortraitUpsideDown UIInterfaceOrientationLandscapeLeft UIInterfaceOrientationLandscapeRight";
				INFOPLIST_KEY_UISupportedInterfaceOrientations_iPhone = "UIInterfaceOrientationPortrait UIInterfaceOrientationLandscapeLeft UIInterfaceOrientationLandscapeRight";
				LD_RUNPATH_SEARCH_PATHS = (
					"$(inherited)",
					"@executable_path/Frameworks",
				);
				MARKETING_VERSION = 1.0;
				PRODUCT_BUNDLE_IDENTIFIER = "Zafarjon.Furniture-app";
				PRODUCT_NAME = "$(TARGET_NAME)";
				SWIFT_EMIT_LOC_STRINGS = YES;
				SWIFT_VERSION = 5.0;
				TARGETED_DEVICE_FAMILY = "1,2";
			};
			name = Release;
		};
		E5400BA8289438D100156AA2 /* Debug */ = {
			isa = XCBuildConfiguration;
			buildSettings = {
				ALWAYS_EMBED_SWIFT_STANDARD_LIBRARIES = YES;
				BUNDLE_LOADER = "$(TEST_HOST)";
				CODE_SIGN_STYLE = Automatic;
				CURRENT_PROJECT_VERSION = 1;
				DEVELOPMENT_TEAM = 6J9XRFD286;
				GENERATE_INFOPLIST_FILE = YES;
				IPHONEOS_DEPLOYMENT_TARGET = 15.4;
				MARKETING_VERSION = 1.0;
				PRODUCT_BUNDLE_IDENTIFIER = "Zafarjon.Furniture-appTests";
				PRODUCT_NAME = "$(TARGET_NAME)";
				SWIFT_EMIT_LOC_STRINGS = NO;
				SWIFT_VERSION = 5.0;
				TARGETED_DEVICE_FAMILY = "1,2";
				TEST_HOST = "$(BUILT_PRODUCTS_DIR)/Furniture_app.app/Furniture_app";
			};
			name = Debug;
		};
		E5400BA9289438D100156AA2 /* Release */ = {
			isa = XCBuildConfiguration;
			buildSettings = {
				ALWAYS_EMBED_SWIFT_STANDARD_LIBRARIES = YES;
				BUNDLE_LOADER = "$(TEST_HOST)";
				CODE_SIGN_STYLE = Automatic;
				CURRENT_PROJECT_VERSION = 1;
				DEVELOPMENT_TEAM = 6J9XRFD286;
				GENERATE_INFOPLIST_FILE = YES;
				IPHONEOS_DEPLOYMENT_TARGET = 15.4;
				MARKETING_VERSION = 1.0;
				PRODUCT_BUNDLE_IDENTIFIER = "Zafarjon.Furniture-appTests";
				PRODUCT_NAME = "$(TARGET_NAME)";
				SWIFT_EMIT_LOC_STRINGS = NO;
				SWIFT_VERSION = 5.0;
				TARGETED_DEVICE_FAMILY = "1,2";
				TEST_HOST = "$(BUILT_PRODUCTS_DIR)/Furniture_app.app/Furniture_app";
			};
			name = Release;
		};
		E5400BAB289438D100156AA2 /* Debug */ = {
			isa = XCBuildConfiguration;
			buildSettings = {
				ALWAYS_EMBED_SWIFT_STANDARD_LIBRARIES = YES;
				CODE_SIGN_STYLE = Automatic;
				CURRENT_PROJECT_VERSION = 1;
				DEVELOPMENT_TEAM = 6J9XRFD286;
				GENERATE_INFOPLIST_FILE = YES;
				MARKETING_VERSION = 1.0;
				PRODUCT_BUNDLE_IDENTIFIER = "Zafarjon.Furniture-appUITests";
				PRODUCT_NAME = "$(TARGET_NAME)";
				SWIFT_EMIT_LOC_STRINGS = NO;
				SWIFT_VERSION = 5.0;
				TARGETED_DEVICE_FAMILY = "1,2";
				TEST_TARGET_NAME = Furniture_app;
			};
			name = Debug;
		};
		E5400BAC289438D100156AA2 /* Release */ = {
			isa = XCBuildConfiguration;
			buildSettings = {
				ALWAYS_EMBED_SWIFT_STANDARD_LIBRARIES = YES;
				CODE_SIGN_STYLE = Automatic;
				CURRENT_PROJECT_VERSION = 1;
				DEVELOPMENT_TEAM = 6J9XRFD286;
				GENERATE_INFOPLIST_FILE = YES;
				MARKETING_VERSION = 1.0;
				PRODUCT_BUNDLE_IDENTIFIER = "Zafarjon.Furniture-appUITests";
				PRODUCT_NAME = "$(TARGET_NAME)";
				SWIFT_EMIT_LOC_STRINGS = NO;
				SWIFT_VERSION = 5.0;
				TARGETED_DEVICE_FAMILY = "1,2";
				TEST_TARGET_NAME = Furniture_app;
			};
			name = Release;
		};
/* End XCBuildConfiguration section */

/* Begin XCConfigurationList section */
		E5400B7B289438D000156AA2 /* Build configuration list for PBXProject "Furniture_app" */ = {
			isa = XCConfigurationList;
			buildConfigurations = (
				E5400BA2289438D100156AA2 /* Debug */,
				E5400BA3289438D100156AA2 /* Release */,
			);
			defaultConfigurationIsVisible = 0;
			defaultConfigurationName = Release;
		};
		E5400BA4289438D100156AA2 /* Build configuration list for PBXNativeTarget "Furniture_app" */ = {
			isa = XCConfigurationList;
			buildConfigurations = (
				E5400BA5289438D100156AA2 /* Debug */,
				E5400BA6289438D100156AA2 /* Release */,
			);
			defaultConfigurationIsVisible = 0;
			defaultConfigurationName = Release;
		};
		E5400BA7289438D100156AA2 /* Build configuration list for PBXNativeTarget "Furniture_appTests" */ = {
			isa = XCConfigurationList;
			buildConfigurations = (
				E5400BA8289438D100156AA2 /* Debug */,
				E5400BA9289438D100156AA2 /* Release */,
			);
			defaultConfigurationIsVisible = 0;
			defaultConfigurationName = Release;
		};
		E5400BAA289438D100156AA2 /* Build configuration list for PBXNativeTarget "Furniture_appUITests" */ = {
			isa = XCConfigurationList;
			buildConfigurations = (
				E5400BAB289438D100156AA2 /* Debug */,
				E5400BAC289438D100156AA2 /* Release */,
			);
			defaultConfigurationIsVisible = 0;
			defaultConfigurationName = Release;
		};
/* End XCConfigurationList section */
	};
	rootObject = E5400B78289438D000156AA2 /* Project object */;
}
